<?xml version="1.0" encoding="utf-8"?>
<Project ToolsVersion="4.0" xmlns="http://schemas.microsoft.com/developer/msbuild/2003">
  <ItemGroup>
    <Filter Include="src">
      <UniqueIdentifier>{c89dc147-18d0-412f-bd0e-85e1601f73f4}</UniqueIdentifier>
    </Filter>
    <Filter Include="assets">
      <UniqueIdentifier>{93995380-89BD-4b04-88EB-625FBE52EBFB}</UniqueIdentifier>
      <Extensions>h;hh;hpp;hxx;h++;hm;inl;inc;ipp;xsd</Extensions>
    </Filter>
    <Filter Include="include">
      <UniqueIdentifier>{9ad25a1e-fe53-47d0-9b21-10459e33ca6d}</UniqueIdentifier>
    </Filter>
    <Filter Include="include\engine">
      <UniqueIdentifier>{d2fee110-d7a9-4a7a-a597-3ceff8f4d212}</UniqueIdentifier>
    </Filter>
    <Filter Include="src\engine">
      <UniqueIdentifier>{64ac85f2-7a0c-4b5c-a4ba-c32aa3e9e2d6}</UniqueIdentifier>
    </Filter>
    <Filter Include="include\input">
      <UniqueIdentifier>{5751255a-c99a-4677-8e38-1619a3103074}</UniqueIdentifier>
    </Filter>
    <Filter Include="src\input">
      <UniqueIdentifier>{b567e842-61d6-4462-86d0-ffe66173f851}</UniqueIdentifier>
    </Filter>
    <Filter Include="include\managers">
      <UniqueIdentifier>{f165bc46-eef1-4680-b118-eb886d7a542f}</UniqueIdentifier>
    </Filter>
    <Filter Include="src\managers">
      <UniqueIdentifier>{b2860fa6-d6aa-41b2-8fce-abfc31ddf10d}</UniqueIdentifier>
    </Filter>
    <Filter Include="assets\fonts">
      <UniqueIdentifier>{369882c2-6640-4ac4-b002-1a7f746c3aba}</UniqueIdentifier>
    </Filter>
    <Filter Include="assets\icons">
      <UniqueIdentifier>{2a20ba92-6aff-4aa6-84f2-316281c99be2}</UniqueIdentifier>
    </Filter>
    <Filter Include="assets\sprites">
      <UniqueIdentifier>{68b6a018-daf2-4783-9e82-5f4c2deda1d3}</UniqueIdentifier>
    </Filter>
    <Filter Include="include\utils">
      <UniqueIdentifier>{d3d6c377-4f1a-4efd-b057-652655e519ce}</UniqueIdentifier>
    </Filter>
  </ItemGroup>
  <ItemGroup>
    <ClCompile Include="src\main.cpp">
      <Filter>src</Filter>
    </ClCompile>
    <ClCompile Include="src\engine\Instance.cpp">
      <Filter>src\engine</Filter>
    </ClCompile>
    <ClCompile Include="src\engine\Stage.cpp">
      <Filter>src\engine</Filter>
    </ClCompile>
    <ClCompile Include="src\engine\Renderable.cpp">
      <Filter>src\engine</Filter>
    </ClCompile>
    <ClCompile Include="src\engine\Player.cpp">
      <Filter>src\engine</Filter>
    </ClCompile>
    <ClCompile Include="src\input\InputKeyboard.cpp">
      <Filter>src\input</Filter>
    </ClCompile>
    <ClCompile Include="src\managers\RenderableManager.cpp">
      <Filter>src\managers</Filter>
    </ClCompile>
    <ClCompile Include="src\engine\Bullet.cpp">
      <Filter>src\engine</Filter>
    </ClCompile>
    <ClCompile Include="src\engine\Enemy.cpp">
      <Filter>src\engine</Filter>
    </ClCompile>
    <ClCompile Include="src\engine\Collisionable.cpp">
      <Filter>src\engine</Filter>
    </ClCompile>
    <ClCompile Include="src\engine\Powerup.cpp">
      <Filter>src\engine</Filter>
    </ClCompile>
  </ItemGroup>
  <ItemGroup>
    <ClInclude Include="include\engine\Instance.h">
      <Filter>include\engine</Filter>
    </ClInclude>
    <ClInclude Include="include\engine\Stage.h">
      <Filter>include\engine</Filter>
    </ClInclude>
    <ClInclude Include="include\engine\Renderable.h">
      <Filter>include\engine</Filter>
    </ClInclude>
    <ClInclude Include="include\engine\Player.h">
      <Filter>include\engine</Filter>
    </ClInclude>
    <ClInclude Include="include\input\InputKeyboard.h">
      <Filter>include\input</Filter>
    </ClInclude>
    <ClInclude Include="include\managers\RenderableManager.h">
      <Filter>include\managers</Filter>
    </ClInclude>
    <ClInclude Include="include\engine\Bullet.h">
      <Filter>include\engine</Filter>
    </ClInclude>
    <ClInclude Include="include\engine\Enemy.h">
      <Filter>include\engine</Filter>
    </ClInclude>
    <ClInclude Include="include\engine\Collisionable.h">
      <Filter>include\engine</Filter>
    </ClInclude>
    <ClInclude Include="include\engine\Powerup.h">
      <Filter>include\engine</Filter>
    </ClInclude>
    <ClInclude Include="include\utils\MovementPatterns.h">
      <Filter>include\utils</Filter>
    </ClInclude>
  </ItemGroup>
  <ItemGroup>
    <Font Include="assets\fonts\NerkoOne-Regular.ttf">
      <Filter>assets\fonts</Filter>
    </Font>
  </ItemGroup>
  <ItemGroup>
    <Image Include="assets\icons\game.png">
      <Filter>assets\icons</Filter>
    </Image>
    <Image Include="assets\sprites\wip.png">
      <Filter>assets\sprites</Filter>
    </Image>
    <Image Include="assets\sprites\poop.png">
      <Filter>assets\sprites</Filter>
    </Image>
    <Image Include="assets\sprites\bulonais.png">
      <Filter>assets\sprites</Filter>
    </Image>
    <Image Include="assets\sprites\medium-enemy.png">
      <Filter>assets\sprites</Filter>
    </Image>
    <Image Include="assets\sprites\carrot.png">
      <Filter>assets\sprites</Filter>
    </Image>
    <Image Include="assets\sprites\broccoli.png">
      <Filter>assets\sprites</Filter>
    </Image>
    <Image Include="assets\sprites\big-enemy.png">
      <Filter>assets\sprites</Filter>
    </Image>
    <Image Include="assets\sprites\banana.png">
      <Filter>assets\sprites</Filter>
    </Image>
    <Image Include="assets\sprites\powerup-plus.png">
      <Filter>assets\sprites</Filter>
    </Image>
    <Image Include="assets\sprites\small-enemy.png">
      <Filter>assets\sprites</Filter>
    </Image>
  </ItemGroup>
  <ItemGroup>
    <None Include="packages.config" />
  </ItemGroup>
</Project>